
Microsoft Visual Studio Solution File, Format Version 12.00
Project("{FAE04EC0-301F-11D3-BF4B-00C04F79EFBC}") = "AirMastera.Domain", "AirMastera.Domain\AirMastera.Domain.csproj", "{C25088D9-6DE6-4754-B440-BD1CC99F596E}"
EndProject
Global
	GlobalSection(SolutionConfigurationPlatforms) = preSolution
		Debug|Any CPU = Debug|Any CPU
		Release|Any CPU = Release|Any CPU
	EndGlobalSection
	GlobalSection(ProjectConfigurationPlatforms) = postSolution
		{C25088D9-6DE6-4754-B440-BD1CC99F596E}.Debug|Any CPU.ActiveCfg = Debug|Any CPU
		{C25088D9-6DE6-4754-B440-BD1CC99F596E}.Debug|Any CPU.Build.0 = Debug|Any CPU
		{C25088D9-6DE6-4754-B440-BD1CC99F596E}.Release|Any CPU.ActiveCfg = Release|Any CPU
		{C25088D9-6DE6-4754-B440-BD1CC99F596E}.Release|Any CPU.Build.0 = Release|Any CPU
	EndGlobalSection
EndGlobal
